
Microsoft Visual Studio Solution File, Format Version 12.00
# Visual Studio Version 17
VisualStudioVersion = 17.11.35219.272
MinimumVisualStudioVersion = 10.0.40219.1
Project("{9A19103F-16F7-4668-BE54-9A1E7A4F7556}") = "RestaurantReservationCore.Db", "RestaurantReservationCore.Db\RestaurantReservationCore.Db.csproj", "{B974C2A3-D4ED-4CF3-8379-A628BDF0C5C9}"
EndProject
Project("{9A19103F-16F7-4668-BE54-9A1E7A4F7556}") = "RestaurantReservationCore.Tests", "RestaurantReservationCore.Tests\RestaurantReservationCore.Tests.csproj", "{6A86B130-47CB-4E8F-9B9D-2382018416FD}"
EndProject
Project("{FAE04EC0-301F-11D3-BF4B-00C04F79EFBC}") = "RestaurantReservationServices", "RestaurantReservationServices\RestaurantReservationServices.csproj", "{87509957-08AE-4E8C-B23A-174FCE2AA735}"
EndProject
Global
	GlobalSection(SolutionConfigurationPlatforms) = preSolution
		Debug|Any CPU = Debug|Any CPU
		Release|Any CPU = Release|Any CPU
	EndGlobalSection
	GlobalSection(ProjectConfigurationPlatforms) = postSolution
		{B974C2A3-D4ED-4CF3-8379-A628BDF0C5C9}.Debug|Any CPU.ActiveCfg = Debug|Any CPU
		{B974C2A3-D4ED-4CF3-8379-A628BDF0C5C9}.Debug|Any CPU.Build.0 = Debug|Any CPU
		{B974C2A3-D4ED-4CF3-8379-A628BDF0C5C9}.Release|Any CPU.ActiveCfg = Release|Any CPU
		{B974C2A3-D4ED-4CF3-8379-A628BDF0C5C9}.Release|Any CPU.Build.0 = Release|Any CPU
		{6A86B130-47CB-4E8F-9B9D-2382018416FD}.Debug|Any CPU.ActiveCfg = Debug|Any CPU
		{6A86B130-47CB-4E8F-9B9D-2382018416FD}.Debug|Any CPU.Build.0 = Debug|Any CPU
		{6A86B130-47CB-4E8F-9B9D-2382018416FD}.Release|Any CPU.ActiveCfg = Release|Any CPU
		{6A86B130-47CB-4E8F-9B9D-2382018416FD}.Release|Any CPU.Build.0 = Release|Any CPU
		{87509957-08AE-4E8C-B23A-174FCE2AA735}.Debug|Any CPU.ActiveCfg = Debug|Any CPU
		{87509957-08AE-4E8C-B23A-174FCE2AA735}.Debug|Any CPU.Build.0 = Debug|Any CPU
		{87509957-08AE-4E8C-B23A-174FCE2AA735}.Release|Any CPU.ActiveCfg = Release|Any CPU
		{87509957-08AE-4E8C-B23A-174FCE2AA735}.Release|Any CPU.Build.0 = Release|Any CPU
	EndGlobalSection
	GlobalSection(SolutionProperties) = preSolution
		HideSolutionNode = FALSE
	EndGlobalSection
	GlobalSection(ExtensibilityGlobals) = postSolution
		SolutionGuid = {3AB02E12-97CD-43F7-B108-56225F4BB4BA}
	EndGlobalSection
EndGlobal
